
Microsoft Visual Studio Solution File, Format Version 12.00
# Visual Studio Version 16
VisualStudioVersion = 16.0.30011.22
MinimumVisualStudioVersion = 10.0.40219.1
Project("{FAE04EC0-301F-11D3-BF4B-00C04F79EFBC}") = "ConsoleCalculator", "ConsoleCalculator\ConsoleCalculator.csproj", "{5426088C-908F-4485-87F2-63C7FB9070D5}"
EndProject
Project("{FAE04EC0-301F-11D3-BF4B-00C04F79EFBC}") = "Calculator.Tests.MSTest", "Calculator.Tests.MSTest\Calculator.Tests.MSTest.csproj", "{1922D353-DDE0-45BE-93EF-E4F9A43BEE22}"
EndProject
Project("{FAE04EC0-301F-11D3-BF4B-00C04F79EFBC}") = "Calculator.Test.NUnit", "Calculator.Test.NUnit\Calculator.Test.NUnit.csproj", "{55D037FC-ACB5-4848-8AF6-830D8C4EC674}"
EndProject
Global
	GlobalSection(SolutionConfigurationPlatforms) = preSolution
		Debug|Any CPU = Debug|Any CPU
		Release|Any CPU = Release|Any CPU
	EndGlobalSection
	GlobalSection(ProjectConfigurationPlatforms) = postSolution
		{5426088C-908F-4485-87F2-63C7FB9070D5}.Debug|Any CPU.ActiveCfg = Debug|Any CPU
		{5426088C-908F-4485-87F2-63C7FB9070D5}.Debug|Any CPU.Build.0 = Debug|Any CPU
		{5426088C-908F-4485-87F2-63C7FB9070D5}.Release|Any CPU.ActiveCfg = Release|Any CPU
		{5426088C-908F-4485-87F2-63C7FB9070D5}.Release|Any CPU.Build.0 = Release|Any CPU
		{1922D353-DDE0-45BE-93EF-E4F9A43BEE22}.Debug|Any CPU.ActiveCfg = Debug|Any CPU
		{1922D353-DDE0-45BE-93EF-E4F9A43BEE22}.Debug|Any CPU.Build.0 = Debug|Any CPU
		{1922D353-DDE0-45BE-93EF-E4F9A43BEE22}.Release|Any CPU.ActiveCfg = Release|Any CPU
		{1922D353-DDE0-45BE-93EF-E4F9A43BEE22}.Release|Any CPU.Build.0 = Release|Any CPU
		{55D037FC-ACB5-4848-8AF6-830D8C4EC674}.Debug|Any CPU.ActiveCfg = Debug|Any CPU
		{55D037FC-ACB5-4848-8AF6-830D8C4EC674}.Debug|Any CPU.Build.0 = Debug|Any CPU
		{55D037FC-ACB5-4848-8AF6-830D8C4EC674}.Release|Any CPU.ActiveCfg = Release|Any CPU
		{55D037FC-ACB5-4848-8AF6-830D8C4EC674}.Release|Any CPU.Build.0 = Release|Any CPU
	EndGlobalSection
	GlobalSection(SolutionProperties) = preSolution
		HideSolutionNode = FALSE
	EndGlobalSection
	GlobalSection(ExtensibilityGlobals) = postSolution
		SolutionGuid = {EB5E9B13-6471-4DA9-BE08-C92BCCB3D380}
	EndGlobalSection
EndGlobal
